// !$*UTF8*$!
{
	archiveVersion = 1;
	classes = {
	};
	objectVersion = 46;
	objects = {

/* Begin PBXBuildFile section */
		5099B45F1CD87E1F00910FEC /* main.m in Sources */ = {isa = PBXBuildFile; fileRef = 5099B45E1CD87E1F00910FEC /* main.m */; };
		5099B4621CD87E1F00910FEC /* AppDelegate.m in Sources */ = {isa = PBXBuildFile; fileRef = 5099B4611CD87E1F00910FEC /* AppDelegate.m */; };
		5099B4651CD87E1F00910FEC /* ViewController.m in Sources */ = {isa = PBXBuildFile; fileRef = 5099B4641CD87E1F00910FEC /* ViewController.m */; };
		5099B4681CD87E1F00910FEC /* Main.storyboard in Resources */ = {isa = PBXBuildFile; fileRef = 5099B4661CD87E1F00910FEC /* Main.storyboard */; };
		5099B46A1CD87E1F00910FEC /* Assets.xcassets in Resources */ = {isa = PBXBuildFile; fileRef = 5099B4691CD87E1F00910FEC /* Assets.xcassets */; };
		5099B46D1CD87E1F00910FEC /* LaunchScreen.storyboard in Resources */ = {isa = PBXBuildFile; fileRef = 5099B46B1CD87E1F00910FEC /* LaunchScreen.storyboard */; };
		5099B4761CD87EA700910FEC /* Person.m in Sources */ = {isa = PBXBuildFile; fileRef = 5099B4751CD87EA700910FEC /* Person.m */; };
/* End PBXBuildFile section */

/* Begin PBXFileReference section */
		5099B45A1CD87E1F00910FEC /* tableview2.app */ = {isa = PBXFileReference; explicitFileType = wrapper.application; includeInIndex = 0; path = tableview2.app; sourceTree = BUILT_PRODUCTS_DIR; };
		5099B45E1CD87E1F00910FEC /* main.m */ = {isa = PBXFileReference; lastKnownFileType = sourcecode.c.objc; path = main.m; sourceTree = "<group>"; };
		5099B4601CD87E1F00910FEC /* AppDelegate.h */ = {isa = PBXFileReference; lastKnownFileType = sourcecode.c.h; path = AppDelegate.h; sourceTree = "<group>"; };
		5099B4611CD87E1F00910FEC /* AppDelegate.m */ = {isa = PBXFileReference; lastKnownFileType = sourcecode.c.objc; path = AppDelegate.m; sourceTree = "<group>"; };
		5099B4631CD87E1F00910FEC /* ViewController.h */ = {isa = PBXFileReference; lastKnownFileType = sourcecode.c.h; path = ViewController.h; sourceTree = "<group>"; };
		5099B4641CD87E1F00910FEC /* ViewController.m */ = {isa = PBXFileReference; lastKnownFileType = sourcecode.c.objc; path = ViewController.m; sourceTree = "<group>"; };
		5099B4671CD87E1F00910FEC /* Base */ = {isa = PBXFileReference; lastKnownFileType = file.storyboard; name = Base; path = Base.lproj/Main.storyboard; sourceTree = "<group>"; };
		5099B4691CD87E1F00910FEC /* Assets.xcassets */ = {isa = PBXFileReference; lastKnownFileType = folder.assetcatalog; path = Assets.xcassets; sourceTree = "<group>"; };
		5099B46C1CD87E1F00910FEC /* Base */ = {isa = PBXFileReference; lastKnownFileType = file.storyboard; name = Base; path = Base.lproj/LaunchScreen.storyboard; sourceTree = "<group>"; };
		5099B46E1CD87E1F00910FEC /* Info.plist */ = {isa = PBXFileReference; lastKnownFileType = text.plist.xml; path = Info.plist; sourceTree = "<group>"; };
		5099B4741CD87EA700910FEC /* Person.h */ = {isa = PBXFileReference; fileEncoding = 4; lastKnownFileType = sourcecode.c.h; path = Person.h; sourceTree = "<group>"; };
		5099B4751CD87EA700910FEC /* Person.m */ = {isa = PBXFileReference; fileEncoding = 4; lastKnownFileType = sourcecode.c.objc; path = Person.m; sourceTree = "<group>"; };
/* End PBXFileReference section */

/* Begin PBXFrameworksBuildPhase section */
		5099B4571CD87E1F00910FEC /* Frameworks */ = {
			isa = PBXFrameworksBuildPhase;
			buildActionMask = 2147483647;
			files = (
			);
			runOnlyForDeploymentPostprocessing = 0;
		};
/* End PBXFrameworksBuildPhase section */

/* Begin PBXGroup section */
		5099B4511CD87E1F00910FEC = {
			isa = PBXGroup;
			children = (
				5099B45C1CD87E1F00910FEC /* tableview2 */,
				5099B45B1CD87E1F00910FEC /* Products */,
			);
			sourceTree = "<group>";
		};
		5099B45B1CD87E1F00910FEC /* Products */ = {
			isa = PBXGroup;
			children = (
				5099B45A1CD87E1F00910FEC /* tableview2.app */,
			);
			name = Products;
			sourceTree = "<group>";
		};
		5099B45C1CD87E1F00910FEC /* tableview2 */ = {
			isa = PBXGroup;
			children = (
				5099B4601CD87E1F00910FEC /* AppDelegate.h */,
				5099B4611CD87E1F00910FEC /* AppDelegate.m */,
				5099B4631CD87E1F00910FEC /* ViewController.h */,
				5099B4641CD87E1F00910FEC /* ViewController.m */,
				5099B4741CD87EA700910FEC /* Person.h */,
				5099B4751CD87EA700910FEC /* Person.m */,
				5099B4661CD87E1F00910FEC /* Main.storyboard */,
				5099B4691CD87E1F00910FEC /* Assets.xcassets */,
				5099B46B1CD87E1F00910FEC /* LaunchScreen.storyboard */,
				5099B46E1CD87E1F00910FEC /* Info.plist */,
				5099B45D1CD87E1F00910FEC /* Supporting Files */,
			);
			path = tableview2;
			sourceTree = "<group>";
		};
		5099B45D1CD87E1F00910FEC /* Supporting Files */ = {
			isa = PBXGroup;
			children = (
				5099B45E1CD87E1F00910FEC /* main.m */,
			);
			name = "Supporting Files";
			sourceTree = "<group>";
		};
/* End PBXGroup section */

/* Begin PBXNativeTarget section */
		5099B4591CD87E1F00910FEC /* tableview2 */ = {
			isa = PBXNativeTarget;
			buildConfigurationList = 5099B4711CD87E1F00910FEC /* Build configuration list for PBXNativeTarget "tableview2" */;
			buildPhases = (
				5099B4561CD87E1F00910FEC /* Sources */,
				5099B4571CD87E1F00910FEC /* Frameworks */,
				5099B4581CD87E1F00910FEC /* Resources */,
			);
			buildRules = (
			);
			dependencies = (
			);
			name = tableview2;
			productName = tableview2;
			productReference = 5099B45A1CD87E1F00910FEC /* tableview2.app */;
			productType = "com.apple.product-type.application";
		};
/* End PBXNativeTarget section */

/* Begin PBXProject section */
		5099B4521CD87E1F00910FEC /* Project object */ = {
			isa = PBXProject;
			attributes = {
				LastUpgradeCheck = 0730;
				ORGANIZATIONNAME = MAX;
				TargetAttributes = {
					5099B4591CD87E1F00910FEC = {
						CreatedOnToolsVersion = 7.3;
					};
				};
			};
			buildConfigurationList = 5099B4551CD87E1F00910FEC /* Build configuration list for PBXProject "tableview2" */;
			compatibilityVersion = "Xcode 3.2";
			developmentRegion = English;
			hasScannedForEncodings = 0;
			knownRegions = (
				en,
				Base,
			);
			mainGroup = 5099B4511CD87E1F00910FEC;
			productRefGroup = 5099B45B1CD87E1F00910FEC /* Products */;
			projectDirPath = "";
			projectRoot = "";
			targets = (
				5099B4591CD87E1F00910FEC /* tableview2 */,
			);
		};
/* End PBXProject section */

/* Begin PBXResourcesBuildPhase section */
		5099B4581CD87E1F00910FEC /* Resources */ = {
			isa = PBXResourcesBuildPhase;
			buildActionMask = 2147483647;
			files = (
				5099B46D1CD87E1F00910FEC /* LaunchScreen.storyboard in Resources */,
				5099B46A1CD87E1F00910FEC /* Assets.xcassets in Resources */,
				5099B4681CD87E1F00910FEC /* Main.storyboard in Resources */,
			);
			runOnlyForDeploymentPostprocessing = 0;
		};
/* End PBXResourcesBuildPhase section */

/* Begin PBXSourcesBuildPhase section */
		5099B4561CD87E1F00910FEC /* Sources */ = {
			isa = PBXSourcesBuildPhase;
			buildActionMask = 2147483647;
			files = (
				5099B4651CD87E1F00910FEC /* ViewController.m in Sources */,
				5099B4621CD87E1F00910FEC /* AppDelegate.m in Sources */,
				5099B4761CD87EA700910FEC /* Person.m in Sources */,
				5099B45F1CD87E1F00910FEC /* main.m in Sources */,
			);
			runOnlyForDeploymentPostprocessing = 0;
		};
/* End PBXSourcesBuildPhase section */

/* Begin PBXVariantGroup section */
		5099B4661CD87E1F00910FEC /* Main.storyboard */ = {
			isa = PBXVariantGroup;
			children = (
				5099B4671CD87E1F00910FEC /* Base */,
			);
			name = Main.storyboard;
			sourceTree = "<group>";
		};
		5099B46B1CD87E1F00910FEC /* LaunchScreen.storyboard */ = {
			isa = PBXVariantGroup;
			children = (
				5099B46C1CD87E1F00910FEC /* Base */,
			);
			name = LaunchScreen.storyboard;
			sourceTree = "<group>";
		};
/* End PBXVariantGroup section */

/* Begin XCBuildConfiguration section */
		5099B46F1CD87E1F00910FEC /* Debug */ = {
			isa = XCBuildConfiguration;
			buildSettings = {
				ALWAYS_SEARCH_USER_PATHS = NO;
				CLANG_ANALYZER_NONNULL = YES;
				CLANG_CXX_LANGUAGE_STANDARD = "gnu++0x";
				CLANG_CXX_LIBRARY = "libc++";
				CLANG_ENABLE_MODULES = YES;
				CLANG_ENABLE_OBJC_ARC = YES;
				CLANG_WARN_BOOL_CONVERSION = YES;
				CLANG_WARN_CONSTANT_CONVERSION = YES;
				CLANG_WARN_DIRECT_OBJC_ISA_USAGE = YES_ERROR;
				CLANG_WARN_EMPTY_BODY = YES;
				CLANG_WARN_ENUM_CONVERSION = YES;
				CLANG_WARN_INT_CONVERSION = YES;
				CLANG_WARN_OBJC_ROOT_CLASS = YES_ERROR;
				CLANG_WARN_UNREACHABLE_CODE = YES;
				CLANG_WARN__DUPLICATE_METHOD_MATCH = YES;
				"CODE_SIGN_IDENTITY[sdk=iphoneos*]" = "iPhone Developer";
				COPY_PHASE_STRIP = NO;
				DEBUG_INFORMATION_FORMAT = dwarf;
				ENABLE_STRICT_OBJC_MSGSEND = YES;
				ENABLE_TESTABILITY = YES;
				GCC_C_LANGUAGE_STANDARD = gnu99;
				GCC_DYNAMIC_NO_PIC = NO;
				GCC_NO_COMMON_BLOCKS = YES;
				GCC_OPTIMIZATION_LEVEL = 0;
				GCC_PREPROCESSOR_DEFINITIONS = (
					"DEBUG=1",
					"$(inherited)",
				);
				GCC_WARN_64_TO_32_BIT_CONVERSION = YES;
				GCC_WARN_ABOUT_RETURN_TYPE = YES_ERROR;
				GCC_WARN_UNDECLARED_SELECTOR = YES;
				GCC_WARN_UNINITIALIZED_AUTOS = YES_AGGRESSIVE;
				GCC_WARN_UNUSED_FUNCTION = YES;
				GCC_WARN_UNUSED_VARIABLE = YES;
				IPHONEOS_DEPLOYMENT_TARGET = 9.3;
				MTL_ENABLE_DEBUG_INFO = YES;
				ONLY_ACTIVE_ARCH = YES;
				SDKROOT = iphoneos;
			};
			name = Debug;
		};
		5099B4701CD87E1F00910FEC /* Release */ = {
			isa = XCBuildConfiguration;
			buildSettings = {
				ALWAYS_SEARCH_USER_PATHS = NO;
				CLANG_ANALYZER_NONNULL = YES;
				CLANG_CXX_LANGUAGE_STANDARD = "gnu++0x";
				CLANG_CXX_LIBRARY = "libc++";
				CLANG_ENABLE_MODULES = YES;
				CLANG_ENABLE_OBJC_ARC = YES;
				CLANG_WARN_BOOL_CONVERSION = YES;
				CLANG_WARN_CONSTANT_CONVERSION = YES;
				CLANG_WARN_DIRECT_OBJC_ISA_USAGE = YES_ERROR;
				CLANG_WARN_EMPTY_BODY = YES;
				CLANG_WARN_ENUM_CONVERSION = YES;
				CLANG_WARN_INT_CONVERSION = YES;
				CLANG_WARN_OBJC_ROOT_CLASS = YES_ERROR;
				CLANG_WARN_UNREACHABLE_CODE = YES;
				CLANG_WARN__DUPLICATE_METHOD_MATCH = YES;
				"CODE_SIGN_IDENTITY[sdk=iphoneos*]" = "iPhone Developer";
				COPY_PHASE_STRIP = NO;
				DEBUG_INFORMATION_FORMAT = "dwarf-with-dsym";
				ENABLE_NS_ASSERTIONS = NO;
				ENABLE_STRICT_OBJC_MSGSEND = YES;
				GCC_C_LANGUAGE_STANDARD = gnu99;
				GCC_NO_COMMON_BLOCKS = YES;
				GCC_WARN_64_TO_32_BIT_CONVERSION = YES;
				GCC_WARN_ABOUT_RETURN_TYPE = YES_ERROR;
				GCC_WARN_UNDECLARED_SELECTOR = YES;
				GCC_WARN_UNINITIALIZED_AUTOS = YES_AGGRESSIVE;
				GCC_WARN_UNUSED_FUNCTION = YES;
				GCC_WARN_UNUSED_VARIABLE = YES;
				IPHONEOS_DEPLOYMENT_TARGET = 9.3;
				MTL_ENABLE_DEBUG_INFO = NO;
				SDKROOT = iphoneos;
				VALIDATE_PRODUCT = YES;
			};
			name = Release;
		};
		5099B4721CD87E1F00910FEC /* Debug */ = {
			isa = XCBuildConfiguration;
			buildSettings = {
				ASSETCATALOG_COMPILER_APPICON_NAME = AppIcon;
				INFOPLIST_FILE = tableview2/Info.plist;
				IPHONEOS_DEPLOYMENT_TARGET = 8.3;
				LD_RUNPATH_SEARCH_PATHS = "$(inherited) @executable_path/Frameworks";
				PRODUCT_BUNDLE_IDENTIFIER = Max.tableview2;
				PRODUCT_NAME = "$(TARGET_NAME)";
			};
			name = Debug;
		};
		5099B4731CD87E1F00910FEC /* Release */ = {
			isa = XCBuildConfiguration;
			buildSettings = {
				ASSETCATALOG_COMPILER_APPICON_NAME = AppIcon;
				INFOPLIST_FILE = tableview2/Info.plist;
				IPHONEOS_DEPLOYMENT_TARGET = 8.3;
				LD_RUNPATH_SEARCH_PATHS = "$(inherited) @executable_path/Frameworks";
				PRODUCT_BUNDLE_IDENTIFIER = Max.tableview2;
				PRODUCT_NAME = "$(TARGET_NAME)";
			};
			name = Release;
		};
/* End XCBuildConfiguration section */

/* Begin XCConfigurationList section */
		5099B4551CD87E1F00910FEC /* Build configuration list for PBXProject "tableview2" */ = {
			isa = XCConfigurationList;
			buildConfigurations = (
				5099B46F1CD87E1F00910FEC /* Debug */,
				5099B4701CD87E1F00910FEC /* Release */,
			);
			defaultConfigurationIsVisible = 0;
			defaultConfigurationName = Release;
		};
		5099B4711CD87E1F00910FEC /* Build configuration list for PBXNativeTarget "tableview2" */ = {
			isa = XCConfigurationList;
			buildConfigurations = (
				5099B4721CD87E1F00910FEC /* Debug */,
				5099B4731CD87E1F00910FEC /* Release */,
			);
			defaultConfigurationIsVisible = 0;
			defaultConfigurationName = Release;
		};
/* End XCConfigurationList section */
	};
	rootObject = 5099B4521CD87E1F00910FEC /* Project object */;
}
